{
  "name": "squirrelsong",
  "lockfileVersion": 3,
  "requires": true,
  "packages": {
    "": {
      "name": "squirrelsong",
      "license": "MIT",
      "dependencies": {
        "hex-rgb": "^5.0.0",
        "strip-json-comments": "^5.0.1"
      },
      "devDependencies": {
        "prettier": "^3.0.1"
      }
    },
    "node_modules/hex-rgb": {
      "version": "5.0.0",
      "resolved": "https://registry.npmjs.org/hex-rgb/-/hex-rgb-5.0.0.tgz",
      "integrity": "sha512-NQO+lgVUCtHxZ792FodgW0zflK+ozS9X9dwGp9XvvmPlH7pyxd588cn24TD3rmPm/N0AIRXF10Otah8yKqGw4w==",
      "engines": {
        "node": ">=12"
      },
      "funding": {
        "url": "https://github.com/sponsors/sindresorhus"
      }
    },
    "node_modules/prettier": {
      "version": "3.0.1",
      "resolved": "https://registry.npmjs.org/prettier/-/prettier-3.0.1.tgz",
      "integrity": "sha512-fcOWSnnpCrovBsmFZIGIy9UqK2FaI7Hqax+DIO0A9UxeVoY4iweyaFjS5TavZN97Hfehph0nhsZnjlVKzEQSrQ==",
      "dev": true,
      "bin": {
        "prettier": "bin/prettier.cjs"
      },
      "engines": {
        "node": ">=14"
      },
      "funding": {
        "url": "https://github.com/prettier/prettier?sponsor=1"
      }
    },
    "node_modules/strip-json-comments": {
      "version": "5.0.1",
      "resolved": "https://registry.npmjs.org/strip-json-comments/-/strip-json-comments-5.0.1.tgz",
      "integrity": "sha512-0fk9zBqO67Nq5M/m45qHCJxylV/DhBlIOVExqgOMiCCrzrhU6tCibRXNqE3jwJLftzE9SNuZtYbpzcO+i9FiKw==",
      "engines": {
        "node": ">=14.16"
      },
      "funding": {
        "url": "https://github.com/sponsors/sindresorhus"
      }
    }
  }
}
